
Microsoft Visual Studio Solution File, Format Version 12.00
# Visual Studio Version 17
VisualStudioVersion = 17.14.36603.0 d17.14
MinimumVisualStudioVersion = 10.0.40219.1
Project("{FAE04EC0-301F-11D3-BF4B-00C04F79EFBC}") = "matrici6", "matrici6\matrici6.csproj", "{492E446F-B97B-45BE-AF20-DAC2C9483725}"
EndProject
Global
	GlobalSection(SolutionConfigurationPlatforms) = preSolution
		Debug|Any CPU = Debug|Any CPU
		Release|Any CPU = Release|Any CPU
	EndGlobalSection
	GlobalSection(ProjectConfigurationPlatforms) = postSolution
		{492E446F-B97B-45BE-AF20-DAC2C9483725}.Debug|Any CPU.ActiveCfg = Debug|Any CPU
		{492E446F-B97B-45BE-AF20-DAC2C9483725}.Debug|Any CPU.Build.0 = Debug|Any CPU
		{492E446F-B97B-45BE-AF20-DAC2C9483725}.Release|Any CPU.ActiveCfg = Release|Any CPU
		{492E446F-B97B-45BE-AF20-DAC2C9483725}.Release|Any CPU.Build.0 = Release|Any CPU
	EndGlobalSection
	GlobalSection(SolutionProperties) = preSolution
		HideSolutionNode = FALSE
	EndGlobalSection
	GlobalSection(ExtensibilityGlobals) = postSolution
		SolutionGuid = {81ABA78C-6242-4AAA-8FC8-4A4B78757285}
	EndGlobalSection
EndGlobal
